
Microsoft Visual Studio Solution File, Format Version 12.00
# Visual Studio Version 16
VisualStudioVersion = 16.0.32106.194
MinimumVisualStudioVersion = 10.0.40219.1
Project("{FAE04EC0-301F-11D3-BF4B-00C04F79EFBC}") = "trigger", "trigger\trigger.csproj", "{D2FC060D-F6F8-47D8-83BB-6FD423E8D2D8}"
EndProject
Global
	GlobalSection(SolutionConfigurationPlatforms) = preSolution
		Debug|Any CPU = Debug|Any CPU
		Release|Any CPU = Release|Any CPU
	EndGlobalSection
	GlobalSection(ProjectConfigurationPlatforms) = postSolution
		{D2FC060D-F6F8-47D8-83BB-6FD423E8D2D8}.Debug|Any CPU.ActiveCfg = Debug|Any CPU
		{D2FC060D-F6F8-47D8-83BB-6FD423E8D2D8}.Debug|Any CPU.Build.0 = Debug|Any CPU
		{D2FC060D-F6F8-47D8-83BB-6FD423E8D2D8}.Release|Any CPU.ActiveCfg = Release|Any CPU
		{D2FC060D-F6F8-47D8-83BB-6FD423E8D2D8}.Release|Any CPU.Build.0 = Release|Any CPU
	EndGlobalSection
	GlobalSection(SolutionProperties) = preSolution
		HideSolutionNode = FALSE
	EndGlobalSection
	GlobalSection(ExtensibilityGlobals) = postSolution
		SolutionGuid = {6E26D070-9B04-4D54-BA01-B040CECEE1B3}
	EndGlobalSection
EndGlobal
